
Microsoft Visual Studio Solution File, Format Version 12.00
# Visual Studio Version 16
VisualStudioVersion = 16.0.30611.23
MinimumVisualStudioVersion = 10.0.40219.1
Project("{FAE04EC0-301F-11D3-BF4B-00C04F79EFBC}") = "Vidly", "Vidly\Vidly.csproj", "{ECC29B8C-61F0-4A4C-9C05-1839DCFCA905}"
EndProject
Global
	GlobalSection(SolutionConfigurationPlatforms) = preSolution
		Debug|Any CPU = Debug|Any CPU
		Release|Any CPU = Release|Any CPU
	EndGlobalSection
	GlobalSection(ProjectConfigurationPlatforms) = postSolution
		{ECC29B8C-61F0-4A4C-9C05-1839DCFCA905}.Debug|Any CPU.ActiveCfg = Debug|Any CPU
		{ECC29B8C-61F0-4A4C-9C05-1839DCFCA905}.Debug|Any CPU.Build.0 = Debug|Any CPU
		{ECC29B8C-61F0-4A4C-9C05-1839DCFCA905}.Release|Any CPU.ActiveCfg = Release|Any CPU
		{ECC29B8C-61F0-4A4C-9C05-1839DCFCA905}.Release|Any CPU.Build.0 = Release|Any CPU
	EndGlobalSection
	GlobalSection(SolutionProperties) = preSolution
		HideSolutionNode = FALSE
	EndGlobalSection
	GlobalSection(ExtensibilityGlobals) = postSolution
		SolutionGuid = {F2531CA9-5367-49BC-83B1-F0543F3C5AAF}
	EndGlobalSection
EndGlobal
